
Microsoft Visual Studio Solution File, Format Version 12.00
# Visual Studio Version 16
VisualStudioVersion = 16.0.30011.22
MinimumVisualStudioVersion = 10.0.40219.1
Project("{8BC9CEB8-8B4A-11D0-8D11-00A0C91BC942}") = "Project1", "AssessedPractical2.vcxproj", "{2CB39753-A5BB-45F4-89E9-D047CC11836D}"
EndProject
Project("{8BC9CEB8-8B4A-11D0-8D11-00A0C91BC942}") = "Project2", "..\Project2\Project2.vcxproj", "{1D52581B-55A3-485B-BCE3-23EF8CBFD098}"
EndProject
Project("{8BC9CEB8-8B4A-11D0-8D11-00A0C91BC942}") = "Project3", "..\Project3\Project3.vcxproj", "{7B85F60C-0CD6-4AF9-99F3-90B7CD11B1F2}"
EndProject
Global
	GlobalSection(SolutionConfigurationPlatforms) = preSolution
		Debug|x64 = Debug|x64
		Debug|x86 = Debug|x86
		Release|x64 = Release|x64
		Release|x86 = Release|x86
	EndGlobalSection
	GlobalSection(ProjectConfigurationPlatforms) = postSolution
		{2CB39753-A5BB-45F4-89E9-D047CC11836D}.Debug|x64.ActiveCfg = Debug|x64
		{2CB39753-A5BB-45F4-89E9-D047CC11836D}.Debug|x64.Build.0 = Debug|x64
		{2CB39753-A5BB-45F4-89E9-D047CC11836D}.Debug|x86.ActiveCfg = Debug|Win32
		{2CB39753-A5BB-45F4-89E9-D047CC11836D}.Debug|x86.Build.0 = Debug|Win32
		{2CB39753-A5BB-45F4-89E9-D047CC11836D}.Release|x64.ActiveCfg = Release|x64
		{2CB39753-A5BB-45F4-89E9-D047CC11836D}.Release|x64.Build.0 = Release|x64
		{2CB39753-A5BB-45F4-89E9-D047CC11836D}.Release|x86.ActiveCfg = Release|Win32
		{2CB39753-A5BB-45F4-89E9-D047CC11836D}.Release|x86.Build.0 = Release|Win32
		{1D52581B-55A3-485B-BCE3-23EF8CBFD098}.Debug|x64.ActiveCfg = Debug|x64
		{1D52581B-55A3-485B-BCE3-23EF8CBFD098}.Debug|x64.Build.0 = Debug|x64
		{1D52581B-55A3-485B-BCE3-23EF8CBFD098}.Debug|x86.ActiveCfg = Debug|Win32
		{1D52581B-55A3-485B-BCE3-23EF8CBFD098}.Debug|x86.Build.0 = Debug|Win32
		{1D52581B-55A3-485B-BCE3-23EF8CBFD098}.Release|x64.ActiveCfg = Release|x64
		{1D52581B-55A3-485B-BCE3-23EF8CBFD098}.Release|x64.Build.0 = Release|x64
		{1D52581B-55A3-485B-BCE3-23EF8CBFD098}.Release|x86.ActiveCfg = Release|Win32
		{1D52581B-55A3-485B-BCE3-23EF8CBFD098}.Release|x86.Build.0 = Release|Win32
		{7B85F60C-0CD6-4AF9-99F3-90B7CD11B1F2}.Debug|x64.ActiveCfg = Debug|x64
		{7B85F60C-0CD6-4AF9-99F3-90B7CD11B1F2}.Debug|x64.Build.0 = Debug|x64
		{7B85F60C-0CD6-4AF9-99F3-90B7CD11B1F2}.Debug|x86.ActiveCfg = Debug|Win32
		{7B85F60C-0CD6-4AF9-99F3-90B7CD11B1F2}.Debug|x86.Build.0 = Debug|Win32
		{7B85F60C-0CD6-4AF9-99F3-90B7CD11B1F2}.Release|x64.ActiveCfg = Release|x64
		{7B85F60C-0CD6-4AF9-99F3-90B7CD11B1F2}.Release|x64.Build.0 = Release|x64
		{7B85F60C-0CD6-4AF9-99F3-90B7CD11B1F2}.Release|x86.ActiveCfg = Release|Win32
		{7B85F60C-0CD6-4AF9-99F3-90B7CD11B1F2}.Release|x86.Build.0 = Release|Win32
	EndGlobalSection
	GlobalSection(SolutionProperties) = preSolution
		HideSolutionNode = FALSE
	EndGlobalSection
	GlobalSection(ExtensibilityGlobals) = postSolution
		SolutionGuid = {70DE9CB9-3AAD-4F18-9FC0-0CCBDC528A5D}
	EndGlobalSection
EndGlobal
